
Microsoft Visual Studio Solution File, Format Version 12.00
# Visual Studio Version 17
VisualStudioVersion = 17.1.32407.343
MinimumVisualStudioVersion = 10.0.40219.1
Project("{9A19103F-16F7-4668-BE54-9A1E7A4F7556}") = "DingDong.Monitor", "DingDong.Monitor\DingDong.Monitor.csproj", "{160D9BAA-6D5B-48B0-BC5E-B7EFC53C6B8F}"
EndProject
Project("{FAE04EC0-301F-11D3-BF4B-00C04F79EFBC}") = "DingDong.MonitorTests", "DingDong.MonitorTests\DingDong.MonitorTests.csproj", "{AA5FBD2F-FB63-43C0-8C1C-AE2453571910}"
EndProject
Project("{FAE04EC0-301F-11D3-BF4B-00C04F79EFBC}") = "DingDong.Core", "DingDong.Core\DingDong.Core.csproj", "{F958EEDC-6C20-4C56-AF6C-BF3B262B56D3}"
EndProject
Global
	GlobalSection(SolutionConfigurationPlatforms) = preSolution
		Debug|Any CPU = Debug|Any CPU
		Release|Any CPU = Release|Any CPU
	EndGlobalSection
	GlobalSection(ProjectConfigurationPlatforms) = postSolution
		{160D9BAA-6D5B-48B0-BC5E-B7EFC53C6B8F}.Debug|Any CPU.ActiveCfg = Debug|Any CPU
		{160D9BAA-6D5B-48B0-BC5E-B7EFC53C6B8F}.Debug|Any CPU.Build.0 = Debug|Any CPU
		{160D9BAA-6D5B-48B0-BC5E-B7EFC53C6B8F}.Release|Any CPU.ActiveCfg = Release|Any CPU
		{160D9BAA-6D5B-48B0-BC5E-B7EFC53C6B8F}.Release|Any CPU.Build.0 = Release|Any CPU
		{AA5FBD2F-FB63-43C0-8C1C-AE2453571910}.Debug|Any CPU.ActiveCfg = Debug|Any CPU
		{AA5FBD2F-FB63-43C0-8C1C-AE2453571910}.Debug|Any CPU.Build.0 = Debug|Any CPU
		{AA5FBD2F-FB63-43C0-8C1C-AE2453571910}.Release|Any CPU.ActiveCfg = Release|Any CPU
		{AA5FBD2F-FB63-43C0-8C1C-AE2453571910}.Release|Any CPU.Build.0 = Release|Any CPU
		{F958EEDC-6C20-4C56-AF6C-BF3B262B56D3}.Debug|Any CPU.ActiveCfg = Debug|Any CPU
		{F958EEDC-6C20-4C56-AF6C-BF3B262B56D3}.Debug|Any CPU.Build.0 = Debug|Any CPU
		{F958EEDC-6C20-4C56-AF6C-BF3B262B56D3}.Release|Any CPU.ActiveCfg = Release|Any CPU
		{F958EEDC-6C20-4C56-AF6C-BF3B262B56D3}.Release|Any CPU.Build.0 = Release|Any CPU
	EndGlobalSection
	GlobalSection(SolutionProperties) = preSolution
		HideSolutionNode = FALSE
	EndGlobalSection
	GlobalSection(ExtensibilityGlobals) = postSolution
		SolutionGuid = {57EB0EFC-9253-4142-BBCB-31E5DFF8B2AF}
	EndGlobalSection
EndGlobal
